
Microsoft Visual Studio Solution File, Format Version 12.00
# Visual Studio Version 17
VisualStudioVersion = 17.0.32112.339
MinimumVisualStudioVersion = 10.0.40219.1
Project("{9A19103F-16F7-4668-BE54-9A1E7A4F7556}") = "WebApplicationAgency", "WebApplicationAgency\WebApplicationAgency.csproj", "{AE0D251E-13E8-4649-A8C4-3AB7F5AB6A61}"
EndProject
Project("{9A19103F-16F7-4668-BE54-9A1E7A4F7556}") = "Business", "Business\Business.csproj", "{3A942669-49F7-4FD4-9A00-9C4083CE5B79}"
EndProject
Project("{9A19103F-16F7-4668-BE54-9A1E7A4F7556}") = "Business.Interop", "Business.Interop\Business.Interop.csproj", "{C2877AF7-C9B6-4C0F-AC98-C8B8616CAEF5}"
EndProject
Project("{9A19103F-16F7-4668-BE54-9A1E7A4F7556}") = "Business.Services", "Business.Services\Business.Services.csproj", "{99E9EF5A-5626-40CB-A07C-9FFBB7E269B8}"
EndProject
Project("{9A19103F-16F7-4668-BE54-9A1E7A4F7556}") = "Repository", "Repository\Repository.csproj", "{32E91CF6-F213-449C-8011-85D7BF9B335E}"
EndProject
Global
	GlobalSection(SolutionConfigurationPlatforms) = preSolution
		Debug|Any CPU = Debug|Any CPU
		Release|Any CPU = Release|Any CPU
	EndGlobalSection
	GlobalSection(ProjectConfigurationPlatforms) = postSolution
		{AE0D251E-13E8-4649-A8C4-3AB7F5AB6A61}.Debug|Any CPU.ActiveCfg = Debug|Any CPU
		{AE0D251E-13E8-4649-A8C4-3AB7F5AB6A61}.Debug|Any CPU.Build.0 = Debug|Any CPU
		{AE0D251E-13E8-4649-A8C4-3AB7F5AB6A61}.Release|Any CPU.ActiveCfg = Release|Any CPU
		{AE0D251E-13E8-4649-A8C4-3AB7F5AB6A61}.Release|Any CPU.Build.0 = Release|Any CPU
		{3A942669-49F7-4FD4-9A00-9C4083CE5B79}.Debug|Any CPU.ActiveCfg = Debug|Any CPU
		{3A942669-49F7-4FD4-9A00-9C4083CE5B79}.Debug|Any CPU.Build.0 = Debug|Any CPU
		{3A942669-49F7-4FD4-9A00-9C4083CE5B79}.Release|Any CPU.ActiveCfg = Release|Any CPU
		{3A942669-49F7-4FD4-9A00-9C4083CE5B79}.Release|Any CPU.Build.0 = Release|Any CPU
		{C2877AF7-C9B6-4C0F-AC98-C8B8616CAEF5}.Debug|Any CPU.ActiveCfg = Debug|Any CPU
		{C2877AF7-C9B6-4C0F-AC98-C8B8616CAEF5}.Debug|Any CPU.Build.0 = Debug|Any CPU
		{C2877AF7-C9B6-4C0F-AC98-C8B8616CAEF5}.Release|Any CPU.ActiveCfg = Release|Any CPU
		{C2877AF7-C9B6-4C0F-AC98-C8B8616CAEF5}.Release|Any CPU.Build.0 = Release|Any CPU
		{99E9EF5A-5626-40CB-A07C-9FFBB7E269B8}.Debug|Any CPU.ActiveCfg = Debug|Any CPU
		{99E9EF5A-5626-40CB-A07C-9FFBB7E269B8}.Debug|Any CPU.Build.0 = Debug|Any CPU
		{99E9EF5A-5626-40CB-A07C-9FFBB7E269B8}.Release|Any CPU.ActiveCfg = Release|Any CPU
		{99E9EF5A-5626-40CB-A07C-9FFBB7E269B8}.Release|Any CPU.Build.0 = Release|Any CPU
		{32E91CF6-F213-449C-8011-85D7BF9B335E}.Debug|Any CPU.ActiveCfg = Debug|Any CPU
		{32E91CF6-F213-449C-8011-85D7BF9B335E}.Debug|Any CPU.Build.0 = Debug|Any CPU
		{32E91CF6-F213-449C-8011-85D7BF9B335E}.Release|Any CPU.ActiveCfg = Release|Any CPU
		{32E91CF6-F213-449C-8011-85D7BF9B335E}.Release|Any CPU.Build.0 = Release|Any CPU
	EndGlobalSection
	GlobalSection(SolutionProperties) = preSolution
		HideSolutionNode = FALSE
	EndGlobalSection
	GlobalSection(ExtensibilityGlobals) = postSolution
		SolutionGuid = {732A8AC8-CE10-4FBE-A846-FE6208DD682F}
	EndGlobalSection
EndGlobal
